
Microsoft Visual Studio Solution File, Format Version 12.00
# Visual Studio Version 17
VisualStudioVersion = 17.3.32929.385
MinimumVisualStudioVersion = 10.0.40219.1
Project("{FAE04EC0-301F-11D3-BF4B-00C04F79EFBC}") = "Ado net connection task", "Ado net connection task\Ado net connection task.csproj", "{4A5A6FCB-132A-4CB9-AFB1-B9A698AC5519}"
EndProject
Global
	GlobalSection(SolutionConfigurationPlatforms) = preSolution
		Debug|Any CPU = Debug|Any CPU
		Release|Any CPU = Release|Any CPU
	EndGlobalSection
	GlobalSection(ProjectConfigurationPlatforms) = postSolution
		{4A5A6FCB-132A-4CB9-AFB1-B9A698AC5519}.Debug|Any CPU.ActiveCfg = Debug|Any CPU
		{4A5A6FCB-132A-4CB9-AFB1-B9A698AC5519}.Debug|Any CPU.Build.0 = Debug|Any CPU
		{4A5A6FCB-132A-4CB9-AFB1-B9A698AC5519}.Release|Any CPU.ActiveCfg = Release|Any CPU
		{4A5A6FCB-132A-4CB9-AFB1-B9A698AC5519}.Release|Any CPU.Build.0 = Release|Any CPU
	EndGlobalSection
	GlobalSection(SolutionProperties) = preSolution
		HideSolutionNode = FALSE
	EndGlobalSection
	GlobalSection(ExtensibilityGlobals) = postSolution
		SolutionGuid = {801B521A-68FD-4AE2-AB06-8C47BC7E3CAA}
	EndGlobalSection
EndGlobal
